
Microsoft Visual Studio Solution File, Format Version 11.00
# Visual Studio 2010
Project("{FAE04EC0-301F-11D3-BF4B-00C04F79EFBC}") = "Assembly-CSharp", "Assembly-CSharp.csproj", "{C53917D6-8A94-ECE7-AB39-DB4857D57B15}"
EndProject
Global
	GlobalSection(SolutionConfigurationPlatforms) = preSolution
		Debug|Any CPU = Debug|Any CPU
		Release|Any CPU = Release|Any CPU
	EndGlobalSection
	GlobalSection(ProjectConfigurationPlatforms) = postSolution
		{C53917D6-8A94-ECE7-AB39-DB4857D57B15}.Debug|Any CPU.ActiveCfg = Debug|Any CPU
		{C53917D6-8A94-ECE7-AB39-DB4857D57B15}.Debug|Any CPU.Build.0 = Debug|Any CPU
		{C53917D6-8A94-ECE7-AB39-DB4857D57B15}.Release|Any CPU.ActiveCfg = Release|Any CPU
		{C53917D6-8A94-ECE7-AB39-DB4857D57B15}.Release|Any CPU.Build.0 = Release|Any CPU
	EndGlobalSection
	GlobalSection(SolutionProperties) = preSolution
		HideSolutionNode = FALSE
	EndGlobalSection
	GlobalSection(MonoDevelopProperties) = preSolution
		StartupItem = Assembly-CSharp.csproj
	EndGlobalSection
EndGlobal
